// !$*UTF8*$!
{
	archiveVersion = 1;
	classes = {
	};
	objectVersion = 46;
	objects = {

/* Begin PBXBuildFile section */
		826459891660BCE5005343F1 /* UIKit.framework in Frameworks */ = {isa = PBXBuildFile; fileRef = 826459881660BCE5005343F1 /* UIKit.framework */; };
		8264598B1660BCE5005343F1 /* Foundation.framework in Frameworks */ = {isa = PBXBuildFile; fileRef = 8264598A1660BCE5005343F1 /* Foundation.framework */; };
		8264598D1660BCE5005343F1 /* CoreGraphics.framework in Frameworks */ = {isa = PBXBuildFile; fileRef = 8264598C1660BCE5005343F1 /* CoreGraphics.framework */; };
		826459931660BCE5005343F1 /* InfoPlist.strings in Resources */ = {isa = PBXBuildFile; fileRef = 826459911660BCE5005343F1 /* InfoPlist.strings */; };
		826459951660BCE5005343F1 /* main.m in Sources */ = {isa = PBXBuildFile; fileRef = 826459941660BCE5005343F1 /* main.m */; };
		826459991660BCE5005343F1 /* AppDelegate.m in Sources */ = {isa = PBXBuildFile; fileRef = 826459981660BCE5005343F1 /* AppDelegate.m */; };
		8264599B1660BCE5005343F1 /* Default.png in Resources */ = {isa = PBXBuildFile; fileRef = 8264599A1660BCE5005343F1 /* Default.png */; };
		8264599D1660BCE5005343F1 /* Default@2x.png in Resources */ = {isa = PBXBuildFile; fileRef = 8264599C1660BCE5005343F1 /* Default@2x.png */; };
		8264599F1660BCE5005343F1 /* Default-568h@2x.png in Resources */ = {isa = PBXBuildFile; fileRef = 8264599E1660BCE5005343F1 /* Default-568h@2x.png */; };
		826459A21660BCE5005343F1 /* ViewController.m in Sources */ = {isa = PBXBuildFile; fileRef = 826459A11660BCE5005343F1 /* ViewController.m */; };
		826459A51660BCE5005343F1 /* ViewController.xib in Resources */ = {isa = PBXBuildFile; fileRef = 826459A31660BCE5005343F1 /* ViewController.xib */; };
		826459AE1660BD56005343F1 /* SecondViewController.m in Sources */ = {isa = PBXBuildFile; fileRef = 826459AC1660BD56005343F1 /* SecondViewController.m */; };
		826459AF1660BD56005343F1 /* SecondViewController.xib in Resources */ = {isa = PBXBuildFile; fileRef = 826459AD1660BD56005343F1 /* SecondViewController.xib */; };
		826459B21660C336005343F1 /* barimage@2x.PNG in Resources */ = {isa = PBXBuildFile; fileRef = 826459B11660C336005343F1 /* barimage@2x.PNG */; };
/* End PBXBuildFile section */

/* Begin PBXFileReference section */
		826459841660BCE5005343F1 /* HSTablebarController.app */ = {isa = PBXFileReference; explicitFileType = wrapper.application; includeInIndex = 0; path = HSTablebarController.app; sourceTree = BUILT_PRODUCTS_DIR; };
		826459881660BCE5005343F1 /* UIKit.framework */ = {isa = PBXFileReference; lastKnownFileType = wrapper.framework; name = UIKit.framework; path = System/Library/Frameworks/UIKit.framework; sourceTree = SDKROOT; };
		8264598A1660BCE5005343F1 /* Foundation.framework */ = {isa = PBXFileReference; lastKnownFileType = wrapper.framework; name = Foundation.framework; path = System/Library/Frameworks/Foundation.framework; sourceTree = SDKROOT; };
		8264598C1660BCE5005343F1 /* CoreGraphics.framework */ = {isa = PBXFileReference; lastKnownFileType = wrapper.framework; name = CoreGraphics.framework; path = System/Library/Frameworks/CoreGraphics.framework; sourceTree = SDKROOT; };
		826459901660BCE5005343F1 /* HSTablebarController-Info.plist */ = {isa = PBXFileReference; lastKnownFileType = text.plist.xml; path = "HSTablebarController-Info.plist"; sourceTree = "<group>"; };
		826459921660BCE5005343F1 /* en */ = {isa = PBXFileReference; lastKnownFileType = text.plist.strings; name = en; path = en.lproj/InfoPlist.strings; sourceTree = "<group>"; };
		826459941660BCE5005343F1 /* main.m */ = {isa = PBXFileReference; lastKnownFileType = sourcecode.c.objc; path = main.m; sourceTree = "<group>"; };
		826459961660BCE5005343F1 /* HSTablebarController-Prefix.pch */ = {isa = PBXFileReference; lastKnownFileType = sourcecode.c.h; path = "HSTablebarController-Prefix.pch"; sourceTree = "<group>"; };
		826459971660BCE5005343F1 /* AppDelegate.h */ = {isa = PBXFileReference; lastKnownFileType = sourcecode.c.h; path = AppDelegate.h; sourceTree = "<group>"; };
		826459981660BCE5005343F1 /* AppDelegate.m */ = {isa = PBXFileReference; lastKnownFileType = sourcecode.c.objc; path = AppDelegate.m; sourceTree = "<group>"; };
		8264599A1660BCE5005343F1 /* Default.png */ = {isa = PBXFileReference; lastKnownFileType = image.png; path = Default.png; sourceTree = "<group>"; };
		8264599C1660BCE5005343F1 /* Default@2x.png */ = {isa = PBXFileReference; lastKnownFileType = image.png; path = "Default@2x.png"; sourceTree = "<group>"; };
		8264599E1660BCE5005343F1 /* Default-568h@2x.png */ = {isa = PBXFileReference; lastKnownFileType = image.png; path = "Default-568h@2x.png"; sourceTree = "<group>"; };
		826459A01660BCE5005343F1 /* ViewController.h */ = {isa = PBXFileReference; lastKnownFileType = sourcecode.c.h; path = ViewController.h; sourceTree = "<group>"; };
		826459A11660BCE5005343F1 /* ViewController.m */ = {isa = PBXFileReference; lastKnownFileType = sourcecode.c.objc; path = ViewController.m; sourceTree = "<group>"; };
		826459A41660BCE5005343F1 /* en */ = {isa = PBXFileReference; lastKnownFileType = file.xib; name = en; path = en.lproj/ViewController.xib; sourceTree = "<group>"; };
		826459AB1660BD56005343F1 /* SecondViewController.h */ = {isa = PBXFileReference; fileEncoding = 4; lastKnownFileType = sourcecode.c.h; path = SecondViewController.h; sourceTree = "<group>"; };
		826459AC1660BD56005343F1 /* SecondViewController.m */ = {isa = PBXFileReference; fileEncoding = 4; lastKnownFileType = sourcecode.c.objc; path = SecondViewController.m; sourceTree = "<group>"; };
		826459AD1660BD56005343F1 /* SecondViewController.xib */ = {isa = PBXFileReference; fileEncoding = 4; lastKnownFileType = file.xib; path = SecondViewController.xib; sourceTree = "<group>"; };
		826459B11660C336005343F1 /* barimage@2x.PNG */ = {isa = PBXFileReference; lastKnownFileType = image.png; path = "barimage@2x.PNG"; sourceTree = "<group>"; };
/* End PBXFileReference section */

/* Begin PBXFrameworksBuildPhase section */
		826459811660BCE5005343F1 /* Frameworks */ = {
			isa = PBXFrameworksBuildPhase;
			buildActionMask = 2147483647;
			files = (
				826459891660BCE5005343F1 /* UIKit.framework in Frameworks */,
				8264598B1660BCE5005343F1 /* Foundation.framework in Frameworks */,
				8264598D1660BCE5005343F1 /* CoreGraphics.framework in Frameworks */,
			);
			runOnlyForDeploymentPostprocessing = 0;
		};
/* End PBXFrameworksBuildPhase section */

/* Begin PBXGroup section */
		826459791660BCE5005343F1 = {
			isa = PBXGroup;
			children = (
				8264598E1660BCE5005343F1 /* HSTablebarController */,
				826459871660BCE5005343F1 /* Frameworks */,
				826459851660BCE5005343F1 /* Products */,
			);
			sourceTree = "<group>";
		};
		826459851660BCE5005343F1 /* Products */ = {
			isa = PBXGroup;
			children = (
				826459841660BCE5005343F1 /* HSTablebarController.app */,
			);
			name = Products;
			sourceTree = "<group>";
		};
		826459871660BCE5005343F1 /* Frameworks */ = {
			isa = PBXGroup;
			children = (
				826459881660BCE5005343F1 /* UIKit.framework */,
				8264598A1660BCE5005343F1 /* Foundation.framework */,
				8264598C1660BCE5005343F1 /* CoreGraphics.framework */,
			);
			name = Frameworks;
			sourceTree = "<group>";
		};
		8264598E1660BCE5005343F1 /* HSTablebarController */ = {
			isa = PBXGroup;
			children = (
				826459971660BCE5005343F1 /* AppDelegate.h */,
				826459981660BCE5005343F1 /* AppDelegate.m */,
				826459A01660BCE5005343F1 /* ViewController.h */,
				826459A11660BCE5005343F1 /* ViewController.m */,
				826459A31660BCE5005343F1 /* ViewController.xib */,
				8264598F1660BCE5005343F1 /* Supporting Files */,
				826459AB1660BD56005343F1 /* SecondViewController.h */,
				826459AC1660BD56005343F1 /* SecondViewController.m */,
				826459AD1660BD56005343F1 /* SecondViewController.xib */,
			);
			path = HSTablebarController;
			sourceTree = "<group>";
		};
		8264598F1660BCE5005343F1 /* Supporting Files */ = {
			isa = PBXGroup;
			children = (
				826459B11660C336005343F1 /* barimage@2x.PNG */,
				826459901660BCE5005343F1 /* HSTablebarController-Info.plist */,
				826459911660BCE5005343F1 /* InfoPlist.strings */,
				826459941660BCE5005343F1 /* main.m */,
				826459961660BCE5005343F1 /* HSTablebarController-Prefix.pch */,
				8264599A1660BCE5005343F1 /* Default.png */,
				8264599C1660BCE5005343F1 /* Default@2x.png */,
				8264599E1660BCE5005343F1 /* Default-568h@2x.png */,
			);
			name = "Supporting Files";
			sourceTree = "<group>";
		};
/* End PBXGroup section */

/* Begin PBXNativeTarget section */
		826459831660BCE5005343F1 /* HSTablebarController */ = {
			isa = PBXNativeTarget;
			buildConfigurationList = 826459A81660BCE5005343F1 /* Build configuration list for PBXNativeTarget "HSTablebarController" */;
			buildPhases = (
				826459801660BCE5005343F1 /* Sources */,
				826459811660BCE5005343F1 /* Frameworks */,
				826459821660BCE5005343F1 /* Resources */,
			);
			buildRules = (
			);
			dependencies = (
			);
			name = HSTablebarController;
			productName = HSTablebarController;
			productReference = 826459841660BCE5005343F1 /* HSTablebarController.app */;
			productType = "com.apple.product-type.application";
		};
/* End PBXNativeTarget section */

/* Begin PBXProject section */
		8264597B1660BCE5005343F1 /* Project object */ = {
			isa = PBXProject;
			attributes = {
				LastUpgradeCheck = 0450;
				ORGANIZATIONNAME = wangzz;
			};
			buildConfigurationList = 8264597E1660BCE5005343F1 /* Build configuration list for PBXProject "HSTablebarController" */;
			compatibilityVersion = "Xcode 3.2";
			developmentRegion = English;
			hasScannedForEncodings = 0;
			knownRegions = (
				en,
			);
			mainGroup = 826459791660BCE5005343F1;
			productRefGroup = 826459851660BCE5005343F1 /* Products */;
			projectDirPath = "";
			projectRoot = "";
			targets = (
				826459831660BCE5005343F1 /* HSTablebarController */,
			);
		};
/* End PBXProject section */

/* Begin PBXResourcesBuildPhase section */
		826459821660BCE5005343F1 /* Resources */ = {
			isa = PBXResourcesBuildPhase;
			buildActionMask = 2147483647;
			files = (
				826459931660BCE5005343F1 /* InfoPlist.strings in Resources */,
				8264599B1660BCE5005343F1 /* Default.png in Resources */,
				8264599D1660BCE5005343F1 /* Default@2x.png in Resources */,
				8264599F1660BCE5005343F1 /* Default-568h@2x.png in Resources */,
				826459A51660BCE5005343F1 /* ViewController.xib in Resources */,
				826459AF1660BD56005343F1 /* SecondViewController.xib in Resources */,
				826459B21660C336005343F1 /* barimage@2x.PNG in Resources */,
			);
			runOnlyForDeploymentPostprocessing = 0;
		};
/* End PBXResourcesBuildPhase section */

/* Begin PBXSourcesBuildPhase section */
		826459801660BCE5005343F1 /* Sources */ = {
			isa = PBXSourcesBuildPhase;
			buildActionMask = 2147483647;
			files = (
				826459951660BCE5005343F1 /* main.m in Sources */,
				826459991660BCE5005343F1 /* AppDelegate.m in Sources */,
				826459A21660BCE5005343F1 /* ViewController.m in Sources */,
				826459AE1660BD56005343F1 /* SecondViewController.m in Sources */,
			);
			runOnlyForDeploymentPostprocessing = 0;
		};
/* End PBXSourcesBuildPhase section */

/* Begin PBXVariantGroup section */
		826459911660BCE5005343F1 /* InfoPlist.strings */ = {
			isa = PBXVariantGroup;
			children = (
				826459921660BCE5005343F1 /* en */,
			);
			name = InfoPlist.strings;
			sourceTree = "<group>";
		};
		826459A31660BCE5005343F1 /* ViewController.xib */ = {
			isa = PBXVariantGroup;
			children = (
				826459A41660BCE5005343F1 /* en */,
			);
			name = ViewController.xib;
			sourceTree = "<group>";
		};
/* End PBXVariantGroup section */

/* Begin XCBuildConfiguration section */
		826459A61660BCE5005343F1 /* Debug */ = {
			isa = XCBuildConfiguration;
			buildSettings = {
				ALWAYS_SEARCH_USER_PATHS = NO;
				CLANG_CXX_LANGUAGE_STANDARD = "gnu++0x";
				CLANG_CXX_LIBRARY = "libc++";
				CLANG_WARN_EMPTY_BODY = YES;
				CLANG_WARN__DUPLICATE_METHOD_MATCH = YES;
				"CODE_SIGN_IDENTITY[sdk=iphoneos*]" = "iPhone Developer";
				COPY_PHASE_STRIP = NO;
				GCC_C_LANGUAGE_STANDARD = gnu99;
				GCC_DYNAMIC_NO_PIC = NO;
				GCC_OPTIMIZATION_LEVEL = 0;
				GCC_PREPROCESSOR_DEFINITIONS = (
					"DEBUG=1",
					"$(inherited)",
				);
				GCC_SYMBOLS_PRIVATE_EXTERN = NO;
				GCC_WARN_ABOUT_RETURN_TYPE = YES;
				GCC_WARN_UNINITIALIZED_AUTOS = YES;
				GCC_WARN_UNUSED_VARIABLE = YES;
				IPHONEOS_DEPLOYMENT_TARGET = 6.0;
				ONLY_ACTIVE_ARCH = YES;
				SDKROOT = iphoneos;
			};
			name = Debug;
		};
		826459A71660BCE5005343F1 /* Release */ = {
			isa = XCBuildConfiguration;
			buildSettings = {
				ALWAYS_SEARCH_USER_PATHS = NO;
				CLANG_CXX_LANGUAGE_STANDARD = "gnu++0x";
				CLANG_CXX_LIBRARY = "libc++";
				CLANG_WARN_EMPTY_BODY = YES;
				CLANG_WARN__DUPLICATE_METHOD_MATCH = YES;
				"CODE_SIGN_IDENTITY[sdk=iphoneos*]" = "iPhone Developer";
				COPY_PHASE_STRIP = YES;
				GCC_C_LANGUAGE_STANDARD = gnu99;
				GCC_WARN_ABOUT_RETURN_TYPE = YES;
				GCC_WARN_UNINITIALIZED_AUTOS = YES;
				GCC_WARN_UNUSED_VARIABLE = YES;
				IPHONEOS_DEPLOYMENT_TARGET = 6.0;
				OTHER_CFLAGS = "-DNS_BLOCK_ASSERTIONS=1";
				SDKROOT = iphoneos;
				VALIDATE_PRODUCT = YES;
			};
			name = Release;
		};
		826459A91660BCE5005343F1 /* Debug */ = {
			isa = XCBuildConfiguration;
			buildSettings = {
				GCC_PRECOMPILE_PREFIX_HEADER = YES;
				GCC_PREFIX_HEADER = "HSTablebarController/HSTablebarController-Prefix.pch";
				INFOPLIST_FILE = "HSTablebarController/HSTablebarController-Info.plist";
				PRODUCT_NAME = "$(TARGET_NAME)";
				WRAPPER_EXTENSION = app;
			};
			name = Debug;
		};
		826459AA1660BCE5005343F1 /* Release */ = {
			isa = XCBuildConfiguration;
			buildSettings = {
				GCC_PRECOMPILE_PREFIX_HEADER = YES;
				GCC_PREFIX_HEADER = "HSTablebarController/HSTablebarController-Prefix.pch";
				INFOPLIST_FILE = "HSTablebarController/HSTablebarController-Info.plist";
				PRODUCT_NAME = "$(TARGET_NAME)";
				WRAPPER_EXTENSION = app;
			};
			name = Release;
		};
/* End XCBuildConfiguration section */

/* Begin XCConfigurationList section */
		8264597E1660BCE5005343F1 /* Build configuration list for PBXProject "HSTablebarController" */ = {
			isa = XCConfigurationList;
			buildConfigurations = (
				826459A61660BCE5005343F1 /* Debug */,
				826459A71660BCE5005343F1 /* Release */,
			);
			defaultConfigurationIsVisible = 0;
			defaultConfigurationName = Release;
		};
		826459A81660BCE5005343F1 /* Build configuration list for PBXNativeTarget "HSTablebarController" */ = {
			isa = XCConfigurationList;
			buildConfigurations = (
				826459A91660BCE5005343F1 /* Debug */,
				826459AA1660BCE5005343F1 /* Release */,
			);
			defaultConfigurationIsVisible = 0;
		};
/* End XCConfigurationList section */
	};
	rootObject = 8264597B1660BCE5005343F1 /* Project object */;
}
